
Microsoft Visual Studio Solution File, Format Version 12.00
# Visual Studio Version 17
VisualStudioVersion = 17.14.36717.8 d17.14
MinimumVisualStudioVersion = 10.0.40219.1
Project("{FAE04EC0-301F-11D3-BF4B-00C04F79EFBC}") = "SapSpcWinForms", "SapSpcWinForms\SapSpcWinForms.csproj", "{3F655E7E-BD0B-424F-B3CA-66F770EA747F}"
EndProject
Global
	GlobalSection(SolutionConfigurationPlatforms) = preSolution
		Debug|Any CPU = Debug|Any CPU
		Release|Any CPU = Release|Any CPU
		Deploy|Any CPU = Deploy|Any CPU
	EndGlobalSection
	GlobalSection(ProjectConfigurationPlatforms) = postSolution
		{3F655E7E-BD0B-424F-B3CA-66F770EA747F}.Debug|Any CPU.ActiveCfg = Debug|Any CPU
		{3F655E7E-BD0B-424F-B3CA-66F770EA747F}.Debug|Any CPU.Build.0 = Debug|Any CPU
		{3F655E7E-BD0B-424F-B3CA-66F770EA747F}.Release|Any CPU.ActiveCfg = Release|Any CPU
		{3F655E7E-BD0B-424F-B3CA-66F770EA747F}.Release|Any CPU.Build.0 = Release|Any CPU
		{3F655E7E-BD0B-424F-B3CA-66F770EA747F}.Deploy|Any CPU.ActiveCfg = Deploy|Any CPU
		{3F655E7E-BD0B-424F-B3CA-66F770EA747F}.Deploy|Any CPU.Build.0 = Deploy|Any CPU
	EndGlobalSection
	GlobalSection(SolutionProperties) = preSolution
		HideSolutionNode = FALSE
	EndGlobalSection
	GlobalSection(ExtensibilityGlobals) = postSolution
		SolutionGuid = {691C6857-121F-4CC9-9038-B975456087DB}
	EndGlobalSection
EndGlobal
